
Microsoft Visual Studio Solution File, Format Version 12.00
# Visual Studio 15
VisualStudioVersion = 15.0.28307.421
MinimumVisualStudioVersion = 10.0.40219.1
Project("{FAE04EC0-301F-11D3-BF4B-00C04F79EFBC}") = "iBeaconScanner.Android", "iBeaconScanner\iBeaconScanner.Android\iBeaconScanner.Android.csproj", "{4DB4B9C7-D2CF-4B50-A747-1F6C30226100}"
EndProject
Project("{FAE04EC0-301F-11D3-BF4B-00C04F79EFBC}") = "iBeaconScanner.iOS", "iBeaconScanner\iBeaconScanner.iOS\iBeaconScanner.iOS.csproj", "{49E35B9B-7A73-4F39-A5EE-CF3F7E544A58}"
EndProject
Project("{FAE04EC0-301F-11D3-BF4B-00C04F79EFBC}") = "iBeaconScanner", "iBeaconScanner\iBeaconScanner\iBeaconScanner.csproj", "{744B4AF1-FC3B-45FF-B2CF-4B864F991623}"
EndProject
Global
	GlobalSection(SolutionConfigurationPlatforms) = preSolution
		Ad-Hoc|Any CPU = Ad-Hoc|Any CPU
		Ad-Hoc|iPhone = Ad-Hoc|iPhone
		Ad-Hoc|iPhoneSimulator = Ad-Hoc|iPhoneSimulator
		AppStore|Any CPU = AppStore|Any CPU
		AppStore|iPhone = AppStore|iPhone
		AppStore|iPhoneSimulator = AppStore|iPhoneSimulator
		Debug|Any CPU = Debug|Any CPU
		Debug|iPhone = Debug|iPhone
		Debug|iPhoneSimulator = Debug|iPhoneSimulator
		Release|Any CPU = Release|Any CPU
		Release|iPhone = Release|iPhone
		Release|iPhoneSimulator = Release|iPhoneSimulator
	EndGlobalSection
	GlobalSection(ProjectConfigurationPlatforms) = postSolution
		{4DB4B9C7-D2CF-4B50-A747-1F6C30226100}.Ad-Hoc|Any CPU.ActiveCfg = Release|Any CPU
		{4DB4B9C7-D2CF-4B50-A747-1F6C30226100}.Ad-Hoc|Any CPU.Build.0 = Release|Any CPU
		{4DB4B9C7-D2CF-4B50-A747-1F6C30226100}.Ad-Hoc|Any CPU.Deploy.0 = Release|Any CPU
		{4DB4B9C7-D2CF-4B50-A747-1F6C30226100}.Ad-Hoc|iPhone.ActiveCfg = Release|Any CPU
		{4DB4B9C7-D2CF-4B50-A747-1F6C30226100}.Ad-Hoc|iPhone.Build.0 = Release|Any CPU
		{4DB4B9C7-D2CF-4B50-A747-1F6C30226100}.Ad-Hoc|iPhone.Deploy.0 = Release|Any CPU
		{4DB4B9C7-D2CF-4B50-A747-1F6C30226100}.Ad-Hoc|iPhoneSimulator.ActiveCfg = Release|Any CPU
		{4DB4B9C7-D2CF-4B50-A747-1F6C30226100}.Ad-Hoc|iPhoneSimulator.Build.0 = Release|Any CPU
		{4DB4B9C7-D2CF-4B50-A747-1F6C30226100}.Ad-Hoc|iPhoneSimulator.Deploy.0 = Release|Any CPU
		{4DB4B9C7-D2CF-4B50-A747-1F6C30226100}.AppStore|Any CPU.ActiveCfg = Release|Any CPU
		{4DB4B9C7-D2CF-4B50-A747-1F6C30226100}.AppStore|Any CPU.Build.0 = Release|Any CPU
		{4DB4B9C7-D2CF-4B50-A747-1F6C30226100}.AppStore|Any CPU.Deploy.0 = Release|Any CPU
		{4DB4B9C7-D2CF-4B50-A747-1F6C30226100}.AppStore|iPhone.ActiveCfg = Release|Any CPU
		{4DB4B9C7-D2CF-4B50-A747-1F6C30226100}.AppStore|iPhone.Build.0 = Release|Any CPU
		{4DB4B9C7-D2CF-4B50-A747-1F6C30226100}.AppStore|iPhone.Deploy.0 = Release|Any CPU
		{4DB4B9C7-D2CF-4B50-A747-1F6C30226100}.AppStore|iPhoneSimulator.ActiveCfg = Release|Any CPU
		{4DB4B9C7-D2CF-4B50-A747-1F6C30226100}.AppStore|iPhoneSimulator.Build.0 = Release|Any CPU
		{4DB4B9C7-D2CF-4B50-A747-1F6C30226100}.AppStore|iPhoneSimulator.Deploy.0 = Release|Any CPU
		{4DB4B9C7-D2CF-4B50-A747-1F6C30226100}.Debug|Any CPU.ActiveCfg = Debug|Any CPU
		{4DB4B9C7-D2CF-4B50-A747-1F6C30226100}.Debug|Any CPU.Build.0 = Debug|Any CPU
		{4DB4B9C7-D2CF-4B50-A747-1F6C30226100}.Debug|Any CPU.Deploy.0 = Debug|Any CPU
		{4DB4B9C7-D2CF-4B50-A747-1F6C30226100}.Debug|iPhone.ActiveCfg = Debug|Any CPU
		{4DB4B9C7-D2CF-4B50-A747-1F6C30226100}.Debug|iPhone.Build.0 = Debug|Any CPU
		{4DB4B9C7-D2CF-4B50-A747-1F6C30226100}.Debug|iPhone.Deploy.0 = Debug|Any CPU
		{4DB4B9C7-D2CF-4B50-A747-1F6C30226100}.Debug|iPhoneSimulator.ActiveCfg = Debug|Any CPU
		{4DB4B9C7-D2CF-4B50-A747-1F6C30226100}.Debug|iPhoneSimulator.Build.0 = Debug|Any CPU
		{4DB4B9C7-D2CF-4B50-A747-1F6C30226100}.Debug|iPhoneSimulator.Deploy.0 = Debug|Any CPU
		{4DB4B9C7-D2CF-4B50-A747-1F6C30226100}.Release|Any CPU.ActiveCfg = Release|Any CPU
		{4DB4B9C7-D2CF-4B50-A747-1F6C30226100}.Release|Any CPU.Build.0 = Release|Any CPU
		{4DB4B9C7-D2CF-4B50-A747-1F6C30226100}.Release|Any CPU.Deploy.0 = Release|Any CPU
		{4DB4B9C7-D2CF-4B50-A747-1F6C30226100}.Release|iPhone.ActiveCfg = Release|Any CPU
		{4DB4B9C7-D2CF-4B50-A747-1F6C30226100}.Release|iPhone.Build.0 = Release|Any CPU
		{4DB4B9C7-D2CF-4B50-A747-1F6C30226100}.Release|iPhone.Deploy.0 = Release|Any CPU
		{4DB4B9C7-D2CF-4B50-A747-1F6C30226100}.Release|iPhoneSimulator.ActiveCfg = Release|Any CPU
		{4DB4B9C7-D2CF-4B50-A747-1F6C30226100}.Release|iPhoneSimulator.Build.0 = Release|Any CPU
		{4DB4B9C7-D2CF-4B50-A747-1F6C30226100}.Release|iPhoneSimulator.Deploy.0 = Release|Any CPU
		{49E35B9B-7A73-4F39-A5EE-CF3F7E544A58}.Ad-Hoc|Any CPU.ActiveCfg = Ad-Hoc|iPhone
		{49E35B9B-7A73-4F39-A5EE-CF3F7E544A58}.Ad-Hoc|Any CPU.Build.0 = Ad-Hoc|iPhone
		{49E35B9B-7A73-4F39-A5EE-CF3F7E544A58}.Ad-Hoc|Any CPU.Deploy.0 = Ad-Hoc|iPhone
		{49E35B9B-7A73-4F39-A5EE-CF3F7E544A58}.Ad-Hoc|iPhone.ActiveCfg = Ad-Hoc|iPhone
		{49E35B9B-7A73-4F39-A5EE-CF3F7E544A58}.Ad-Hoc|iPhone.Build.0 = Ad-Hoc|iPhone
		{49E35B9B-7A73-4F39-A5EE-CF3F7E544A58}.Ad-Hoc|iPhone.Deploy.0 = Ad-Hoc|iPhone
		{49E35B9B-7A73-4F39-A5EE-CF3F7E544A58}.Ad-Hoc|iPhoneSimulator.ActiveCfg = Ad-Hoc|iPhoneSimulator
		{49E35B9B-7A73-4F39-A5EE-CF3F7E544A58}.Ad-Hoc|iPhoneSimulator.Build.0 = Ad-Hoc|iPhoneSimulator
		{49E35B9B-7A73-4F39-A5EE-CF3F7E544A58}.Ad-Hoc|iPhoneSimulator.Deploy.0 = Ad-Hoc|iPhoneSimulator
		{49E35B9B-7A73-4F39-A5EE-CF3F7E544A58}.AppStore|Any CPU.ActiveCfg = AppStore|iPhone
		{49E35B9B-7A73-4F39-A5EE-CF3F7E544A58}.AppStore|Any CPU.Build.0 = AppStore|iPhone
		{49E35B9B-7A73-4F39-A5EE-CF3F7E544A58}.AppStore|Any CPU.Deploy.0 = AppStore|iPhone
		{49E35B9B-7A73-4F39-A5EE-CF3F7E544A58}.AppStore|iPhone.ActiveCfg = AppStore|iPhone
		{49E35B9B-7A73-4F39-A5EE-CF3F7E544A58}.AppStore|iPhone.Build.0 = AppStore|iPhone
		{49E35B9B-7A73-4F39-A5EE-CF3F7E544A58}.AppStore|iPhone.Deploy.0 = AppStore|iPhone
		{49E35B9B-7A73-4F39-A5EE-CF3F7E544A58}.AppStore|iPhoneSimulator.ActiveCfg = AppStore|iPhoneSimulator
		{49E35B9B-7A73-4F39-A5EE-CF3F7E544A58}.AppStore|iPhoneSimulator.Build.0 = AppStore|iPhoneSimulator
		{49E35B9B-7A73-4F39-A5EE-CF3F7E544A58}.AppStore|iPhoneSimulator.Deploy.0 = AppStore|iPhoneSimulator
		{49E35B9B-7A73-4F39-A5EE-CF3F7E544A58}.Debug|Any CPU.ActiveCfg = Debug|iPhoneSimulator
		{49E35B9B-7A73-4F39-A5EE-CF3F7E544A58}.Debug|Any CPU.Build.0 = Debug|iPhoneSimulator
		{49E35B9B-7A73-4F39-A5EE-CF3F7E544A58}.Debug|Any CPU.Deploy.0 = Debug|iPhoneSimulator
		{49E35B9B-7A73-4F39-A5EE-CF3F7E544A58}.Debug|iPhone.ActiveCfg = Debug|iPhone
		{49E35B9B-7A73-4F39-A5EE-CF3F7E544A58}.Debug|iPhone.Build.0 = Debug|iPhone
		{49E35B9B-7A73-4F39-A5EE-CF3F7E544A58}.Debug|iPhone.Deploy.0 = Debug|iPhone
		{49E35B9B-7A73-4F39-A5EE-CF3F7E544A58}.Debug|iPhoneSimulator.ActiveCfg = Debug|iPhoneSimulator
		{49E35B9B-7A73-4F39-A5EE-CF3F7E544A58}.Debug|iPhoneSimulator.Build.0 = Debug|iPhoneSimulator
		{49E35B9B-7A73-4F39-A5EE-CF3F7E544A58}.Debug|iPhoneSimulator.Deploy.0 = Debug|iPhoneSimulator
		{49E35B9B-7A73-4F39-A5EE-CF3F7E544A58}.Release|Any CPU.ActiveCfg = Release|iPhone
		{49E35B9B-7A73-4F39-A5EE-CF3F7E544A58}.Release|Any CPU.Build.0 = Release|iPhone
		{49E35B9B-7A73-4F39-A5EE-CF3F7E544A58}.Release|Any CPU.Deploy.0 = Release|iPhone
		{49E35B9B-7A73-4F39-A5EE-CF3F7E544A58}.Release|iPhone.ActiveCfg = Release|iPhone
		{49E35B9B-7A73-4F39-A5EE-CF3F7E544A58}.Release|iPhone.Build.0 = Release|iPhone
		{49E35B9B-7A73-4F39-A5EE-CF3F7E544A58}.Release|iPhone.Deploy.0 = Release|iPhone
		{49E35B9B-7A73-4F39-A5EE-CF3F7E544A58}.Release|iPhoneSimulator.ActiveCfg = Release|iPhoneSimulator
		{49E35B9B-7A73-4F39-A5EE-CF3F7E544A58}.Release|iPhoneSimulator.Build.0 = Release|iPhoneSimulator
		{49E35B9B-7A73-4F39-A5EE-CF3F7E544A58}.Release|iPhoneSimulator.Deploy.0 = Release|iPhoneSimulator
		{744B4AF1-FC3B-45FF-B2CF-4B864F991623}.Ad-Hoc|Any CPU.ActiveCfg = Debug|Any CPU
		{744B4AF1-FC3B-45FF-B2CF-4B864F991623}.Ad-Hoc|Any CPU.Build.0 = Debug|Any CPU
		{744B4AF1-FC3B-45FF-B2CF-4B864F991623}.Ad-Hoc|Any CPU.Deploy.0 = Debug|Any CPU
		{744B4AF1-FC3B-45FF-B2CF-4B864F991623}.Ad-Hoc|iPhone.ActiveCfg = Debug|Any CPU
		{744B4AF1-FC3B-45FF-B2CF-4B864F991623}.Ad-Hoc|iPhone.Build.0 = Debug|Any CPU
		{744B4AF1-FC3B-45FF-B2CF-4B864F991623}.Ad-Hoc|iPhone.Deploy.0 = Debug|Any CPU
		{744B4AF1-FC3B-45FF-B2CF-4B864F991623}.Ad-Hoc|iPhoneSimulator.ActiveCfg = Debug|Any CPU
		{744B4AF1-FC3B-45FF-B2CF-4B864F991623}.Ad-Hoc|iPhoneSimulator.Build.0 = Debug|Any CPU
		{744B4AF1-FC3B-45FF-B2CF-4B864F991623}.Ad-Hoc|iPhoneSimulator.Deploy.0 = Debug|Any CPU
		{744B4AF1-FC3B-45FF-B2CF-4B864F991623}.AppStore|Any CPU.ActiveCfg = Debug|Any CPU
		{744B4AF1-FC3B-45FF-B2CF-4B864F991623}.AppStore|Any CPU.Build.0 = Debug|Any CPU
		{744B4AF1-FC3B-45FF-B2CF-4B864F991623}.AppStore|Any CPU.Deploy.0 = Debug|Any CPU
		{744B4AF1-FC3B-45FF-B2CF-4B864F991623}.AppStore|iPhone.ActiveCfg = Debug|Any CPU
		{744B4AF1-FC3B-45FF-B2CF-4B864F991623}.AppStore|iPhone.Build.0 = Debug|Any CPU
		{744B4AF1-FC3B-45FF-B2CF-4B864F991623}.AppStore|iPhone.Deploy.0 = Debug|Any CPU
		{744B4AF1-FC3B-45FF-B2CF-4B864F991623}.AppStore|iPhoneSimulator.ActiveCfg = Debug|Any CPU
		{744B4AF1-FC3B-45FF-B2CF-4B864F991623}.AppStore|iPhoneSimulator.Build.0 = Debug|Any CPU
		{744B4AF1-FC3B-45FF-B2CF-4B864F991623}.AppStore|iPhoneSimulator.Deploy.0 = Debug|Any CPU
		{744B4AF1-FC3B-45FF-B2CF-4B864F991623}.Debug|Any CPU.ActiveCfg = Debug|Any CPU
		{744B4AF1-FC3B-45FF-B2CF-4B864F991623}.Debug|Any CPU.Build.0 = Debug|Any CPU
		{744B4AF1-FC3B-45FF-B2CF-4B864F991623}.Debug|Any CPU.Deploy.0 = Debug|Any CPU
		{744B4AF1-FC3B-45FF-B2CF-4B864F991623}.Debug|iPhone.ActiveCfg = Debug|Any CPU
		{744B4AF1-FC3B-45FF-B2CF-4B864F991623}.Debug|iPhone.Build.0 = Debug|Any CPU
		{744B4AF1-FC3B-45FF-B2CF-4B864F991623}.Debug|iPhone.Deploy.0 = Debug|Any CPU
		{744B4AF1-FC3B-45FF-B2CF-4B864F991623}.Debug|iPhoneSimulator.ActiveCfg = Debug|Any CPU
		{744B4AF1-FC3B-45FF-B2CF-4B864F991623}.Debug|iPhoneSimulator.Build.0 = Debug|Any CPU
		{744B4AF1-FC3B-45FF-B2CF-4B864F991623}.Debug|iPhoneSimulator.Deploy.0 = Debug|Any CPU
		{744B4AF1-FC3B-45FF-B2CF-4B864F991623}.Release|Any CPU.ActiveCfg = Release|Any CPU
		{744B4AF1-FC3B-45FF-B2CF-4B864F991623}.Release|Any CPU.Build.0 = Release|Any CPU
		{744B4AF1-FC3B-45FF-B2CF-4B864F991623}.Release|Any CPU.Deploy.0 = Release|Any CPU
		{744B4AF1-FC3B-45FF-B2CF-4B864F991623}.Release|iPhone.ActiveCfg = Release|Any CPU
		{744B4AF1-FC3B-45FF-B2CF-4B864F991623}.Release|iPhone.Build.0 = Release|Any CPU
		{744B4AF1-FC3B-45FF-B2CF-4B864F991623}.Release|iPhone.Deploy.0 = Release|Any CPU
		{744B4AF1-FC3B-45FF-B2CF-4B864F991623}.Release|iPhoneSimulator.ActiveCfg = Release|Any CPU
		{744B4AF1-FC3B-45FF-B2CF-4B864F991623}.Release|iPhoneSimulator.Build.0 = Release|Any CPU
		{744B4AF1-FC3B-45FF-B2CF-4B864F991623}.Release|iPhoneSimulator.Deploy.0 = Release|Any CPU
	EndGlobalSection
	GlobalSection(SolutionProperties) = preSolution
		HideSolutionNode = FALSE
	EndGlobalSection
	GlobalSection(ExtensibilityGlobals) = postSolution
		SolutionGuid = {1DB9B346-6173-40AF-8C87-1D7E87459481}
	EndGlobalSection
EndGlobal
